
Microsoft Visual Studio Solution File, Format Version 12.00
# Visual Studio Version 16
VisualStudioVersion = 16.0.31005.135
MinimumVisualStudioVersion = 10.0.40219.1
Project("{FAE04EC0-301F-11D3-BF4B-00C04F79EFBC}") = "QuadraticEquations", "QuadraticEquations.csproj", "{EE6D1E5A-8988-4BB1-B7B2-D79E8C5FEEEE}"
EndProject
Project("{FAE04EC0-301F-11D3-BF4B-00C04F79EFBC}") = "TestingScript", "..\TestingScript\TestingScript.csproj", "{CEC11E92-7291-44B5-8494-B1284C0A5A9C}"
EndProject
Global
	GlobalSection(SolutionConfigurationPlatforms) = preSolution
		Debug|Any CPU = Debug|Any CPU
		Release|Any CPU = Release|Any CPU
	EndGlobalSection
	GlobalSection(ProjectConfigurationPlatforms) = postSolution
		{EE6D1E5A-8988-4BB1-B7B2-D79E8C5FEEEE}.Debug|Any CPU.ActiveCfg = Debug|Any CPU
		{EE6D1E5A-8988-4BB1-B7B2-D79E8C5FEEEE}.Debug|Any CPU.Build.0 = Debug|Any CPU
		{EE6D1E5A-8988-4BB1-B7B2-D79E8C5FEEEE}.Release|Any CPU.ActiveCfg = Release|Any CPU
		{EE6D1E5A-8988-4BB1-B7B2-D79E8C5FEEEE}.Release|Any CPU.Build.0 = Release|Any CPU
		{CEC11E92-7291-44B5-8494-B1284C0A5A9C}.Debug|Any CPU.ActiveCfg = Debug|Any CPU
		{CEC11E92-7291-44B5-8494-B1284C0A5A9C}.Debug|Any CPU.Build.0 = Debug|Any CPU
		{CEC11E92-7291-44B5-8494-B1284C0A5A9C}.Release|Any CPU.ActiveCfg = Release|Any CPU
		{CEC11E92-7291-44B5-8494-B1284C0A5A9C}.Release|Any CPU.Build.0 = Release|Any CPU
	EndGlobalSection
	GlobalSection(SolutionProperties) = preSolution
		HideSolutionNode = FALSE
	EndGlobalSection
	GlobalSection(ExtensibilityGlobals) = postSolution
		SolutionGuid = {CAAA8982-3794-4B6E-B3B0-8DE4FAB0DF6F}
	EndGlobalSection
EndGlobal
